
Microsoft Visual Studio Solution File, Format Version 12.00
# Visual Studio Version 16
VisualStudioVersion = 16.0.30523.141
MinimumVisualStudioVersion = 10.0.40219.1
Project("{FAE04EC0-301F-11D3-BF4B-00C04F79EFBC}") = "MyHLibFiles", "MyHLibFiles\MyHLibFiles.csproj", "{1D85F4B2-9C88-40D6-85BA-ACECA4F98B71}"
EndProject
Project("{FAE04EC0-301F-11D3-BF4B-00C04F79EFBC}") = "MyHLibFiles.Test", "MyHLibFiles.Test\MyHLibFiles.Test.csproj", "{5FBD87F1-1E6F-4451-8F8D-867FD44657FD}"
EndProject
Project("{FAE04EC0-301F-11D3-BF4B-00C04F79EFBC}") = "MyHomeLibCommon", "..\MyHomeLibCommon\MyHomeLibCommon\MyHomeLibCommon.csproj", "{3301FB8D-4C1D-4B4B-9DAD-F39E92FA16D4}"
EndProject
Project("{FAE04EC0-301F-11D3-BF4B-00C04F79EFBC}") = "MyHLibBooks", "HLibBooks\MyHLibBooks.csproj", "{2FE1164E-B543-49D3-8015-5F7B24214956}"
EndProject
Project("{FAE04EC0-301F-11D3-BF4B-00C04F79EFBC}") = "MyHLibBooks.Test", "HLibBooks.Test\MyHLibBooks.Test.csproj", "{4E0E518A-DC25-49F9-8000-8C3EE2B32214}"
EndProject
Global
	GlobalSection(SolutionConfigurationPlatforms) = preSolution
		Debug|Any CPU = Debug|Any CPU
		Release|Any CPU = Release|Any CPU
	EndGlobalSection
	GlobalSection(ProjectConfigurationPlatforms) = postSolution
		{1D85F4B2-9C88-40D6-85BA-ACECA4F98B71}.Debug|Any CPU.ActiveCfg = Debug|Any CPU
		{1D85F4B2-9C88-40D6-85BA-ACECA4F98B71}.Debug|Any CPU.Build.0 = Debug|Any CPU
		{1D85F4B2-9C88-40D6-85BA-ACECA4F98B71}.Release|Any CPU.ActiveCfg = Release|Any CPU
		{1D85F4B2-9C88-40D6-85BA-ACECA4F98B71}.Release|Any CPU.Build.0 = Release|Any CPU
		{5FBD87F1-1E6F-4451-8F8D-867FD44657FD}.Debug|Any CPU.ActiveCfg = Debug|Any CPU
		{5FBD87F1-1E6F-4451-8F8D-867FD44657FD}.Debug|Any CPU.Build.0 = Debug|Any CPU
		{5FBD87F1-1E6F-4451-8F8D-867FD44657FD}.Release|Any CPU.ActiveCfg = Release|Any CPU
		{5FBD87F1-1E6F-4451-8F8D-867FD44657FD}.Release|Any CPU.Build.0 = Release|Any CPU
		{3301FB8D-4C1D-4B4B-9DAD-F39E92FA16D4}.Debug|Any CPU.ActiveCfg = Debug|Any CPU
		{3301FB8D-4C1D-4B4B-9DAD-F39E92FA16D4}.Debug|Any CPU.Build.0 = Debug|Any CPU
		{3301FB8D-4C1D-4B4B-9DAD-F39E92FA16D4}.Release|Any CPU.ActiveCfg = Release|Any CPU
		{3301FB8D-4C1D-4B4B-9DAD-F39E92FA16D4}.Release|Any CPU.Build.0 = Release|Any CPU
		{2FE1164E-B543-49D3-8015-5F7B24214956}.Debug|Any CPU.ActiveCfg = Debug|Any CPU
		{2FE1164E-B543-49D3-8015-5F7B24214956}.Debug|Any CPU.Build.0 = Debug|Any CPU
		{2FE1164E-B543-49D3-8015-5F7B24214956}.Release|Any CPU.ActiveCfg = Release|Any CPU
		{2FE1164E-B543-49D3-8015-5F7B24214956}.Release|Any CPU.Build.0 = Release|Any CPU
		{4E0E518A-DC25-49F9-8000-8C3EE2B32214}.Debug|Any CPU.ActiveCfg = Debug|Any CPU
		{4E0E518A-DC25-49F9-8000-8C3EE2B32214}.Debug|Any CPU.Build.0 = Debug|Any CPU
		{4E0E518A-DC25-49F9-8000-8C3EE2B32214}.Release|Any CPU.ActiveCfg = Release|Any CPU
		{4E0E518A-DC25-49F9-8000-8C3EE2B32214}.Release|Any CPU.Build.0 = Release|Any CPU
	EndGlobalSection
	GlobalSection(SolutionProperties) = preSolution
		HideSolutionNode = FALSE
	EndGlobalSection
	GlobalSection(ExtensibilityGlobals) = postSolution
		SolutionGuid = {A7C0BF93-9D83-4AFA-8347-1D034E818939}
	EndGlobalSection
EndGlobal
